
Microsoft Visual Studio Solution File, Format Version 12.00
# Visual Studio 2013
VisualStudioVersion = 12.0.21005.1
MinimumVisualStudioVersion = 10.0.40219.1
Project("{FAE04EC0-301F-11D3-BF4B-00C04F79EFBC}") = "NTasker.Core", "NTasker.Core\NTasker.Core.csproj", "{D13D6C01-609F-4EE5-9542-9560A6DDFF86}"
EndProject
Project("{2150E333-8FDC-42A3-9474-1A3956D46DE8}") = "Tests", "Tests", "{47C45E67-31AB-4681-9AED-33F952ADBFC1}"
EndProject
Project("{FAE04EC0-301F-11D3-BF4B-00C04F79EFBC}") = "NTasker.Core.Tests", "NTasker.Core.Tests\NTasker.Core.Tests.csproj", "{36D775ED-33AE-409A-8337-A209D4D3187E}"
EndProject
Project("{FAE04EC0-301F-11D3-BF4B-00C04F79EFBC}") = "NTasker", "NTasker\NTasker.csproj", "{70C6DB19-041D-4C09-ADA1-286018BDF094}"
EndProject
Project("{FAE04EC0-301F-11D3-BF4B-00C04F79EFBC}") = "NTasker.Tests", "NTasker.Tests\NTasker.Tests.csproj", "{1BAB96A7-CABB-4E8D-A3EC-E1D149FF0F0C}"
EndProject
Project("{2150E333-8FDC-42A3-9474-1A3956D46DE8}") = "App", "App", "{38EFF612-A0DB-4416-9017-C19D07BA02D2}"
EndProject
Project("{FAE04EC0-301F-11D3-BF4B-00C04F79EFBC}") = "NTasker.HostApp", "NTasker.HostApp\NTasker.HostApp.csproj", "{65271FEB-0FB0-4A4C-A85D-6AACA8796796}"
EndProject
Global
	GlobalSection(SolutionConfigurationPlatforms) = preSolution
		Debug|Any CPU = Debug|Any CPU
		Release|Any CPU = Release|Any CPU
	EndGlobalSection
	GlobalSection(ProjectConfigurationPlatforms) = postSolution
		{D13D6C01-609F-4EE5-9542-9560A6DDFF86}.Debug|Any CPU.ActiveCfg = Debug|Any CPU
		{D13D6C01-609F-4EE5-9542-9560A6DDFF86}.Debug|Any CPU.Build.0 = Debug|Any CPU
		{D13D6C01-609F-4EE5-9542-9560A6DDFF86}.Release|Any CPU.ActiveCfg = Release|Any CPU
		{D13D6C01-609F-4EE5-9542-9560A6DDFF86}.Release|Any CPU.Build.0 = Release|Any CPU
		{36D775ED-33AE-409A-8337-A209D4D3187E}.Debug|Any CPU.ActiveCfg = Debug|Any CPU
		{36D775ED-33AE-409A-8337-A209D4D3187E}.Debug|Any CPU.Build.0 = Debug|Any CPU
		{36D775ED-33AE-409A-8337-A209D4D3187E}.Release|Any CPU.ActiveCfg = Release|Any CPU
		{36D775ED-33AE-409A-8337-A209D4D3187E}.Release|Any CPU.Build.0 = Release|Any CPU
		{70C6DB19-041D-4C09-ADA1-286018BDF094}.Debug|Any CPU.ActiveCfg = Debug|Any CPU
		{70C6DB19-041D-4C09-ADA1-286018BDF094}.Debug|Any CPU.Build.0 = Debug|Any CPU
		{70C6DB19-041D-4C09-ADA1-286018BDF094}.Release|Any CPU.ActiveCfg = Release|Any CPU
		{70C6DB19-041D-4C09-ADA1-286018BDF094}.Release|Any CPU.Build.0 = Release|Any CPU
		{1BAB96A7-CABB-4E8D-A3EC-E1D149FF0F0C}.Debug|Any CPU.ActiveCfg = Debug|Any CPU
		{1BAB96A7-CABB-4E8D-A3EC-E1D149FF0F0C}.Debug|Any CPU.Build.0 = Debug|Any CPU
		{1BAB96A7-CABB-4E8D-A3EC-E1D149FF0F0C}.Release|Any CPU.ActiveCfg = Release|Any CPU
		{1BAB96A7-CABB-4E8D-A3EC-E1D149FF0F0C}.Release|Any CPU.Build.0 = Release|Any CPU
		{65271FEB-0FB0-4A4C-A85D-6AACA8796796}.Debug|Any CPU.ActiveCfg = Debug|Any CPU
		{65271FEB-0FB0-4A4C-A85D-6AACA8796796}.Debug|Any CPU.Build.0 = Debug|Any CPU
		{65271FEB-0FB0-4A4C-A85D-6AACA8796796}.Release|Any CPU.ActiveCfg = Release|Any CPU
		{65271FEB-0FB0-4A4C-A85D-6AACA8796796}.Release|Any CPU.Build.0 = Release|Any CPU
	EndGlobalSection
	GlobalSection(SolutionProperties) = preSolution
		HideSolutionNode = FALSE
	EndGlobalSection
	GlobalSection(NestedProjects) = preSolution
		{36D775ED-33AE-409A-8337-A209D4D3187E} = {47C45E67-31AB-4681-9AED-33F952ADBFC1}
		{1BAB96A7-CABB-4E8D-A3EC-E1D149FF0F0C} = {47C45E67-31AB-4681-9AED-33F952ADBFC1}
		{65271FEB-0FB0-4A4C-A85D-6AACA8796796} = {38EFF612-A0DB-4416-9017-C19D07BA02D2}
	EndGlobalSection
EndGlobal
